// !$*UTF8*$!
{
	archiveVersion = 1;
	classes = {
	};
	objectVersion = 56;
	objects = {

/* Begin PBXBuildFile section */
		0331FE27298B031100483B2E /* AppDelegate.swift in Sources */ = {isa = PBXBuildFile; fileRef = 0331FE26298B031100483B2E /* AppDelegate.swift */; };
		0331FE29298B031100483B2E /* SceneDelegate.swift in Sources */ = {isa = PBXBuildFile; fileRef = 0331FE28298B031100483B2E /* SceneDelegate.swift */; };
		0331FE2B298B031100483B2E /* ViewController.swift in Sources */ = {isa = PBXBuildFile; fileRef = 0331FE2A298B031100483B2E /* ViewController.swift */; };
		0331FE2E298B031100483B2E /* Main.storyboard in Resources */ = {isa = PBXBuildFile; fileRef = 0331FE2C298B031100483B2E /* Main.storyboard */; };
		0331FE31298B031100483B2E /* SportsApp.xcdatamodeld in Sources */ = {isa = PBXBuildFile; fileRef = 0331FE2F298B031100483B2E /* SportsApp.xcdatamodeld */; };
		0331FE33298B031300483B2E /* Assets.xcassets in Resources */ = {isa = PBXBuildFile; fileRef = 0331FE32298B031300483B2E /* Assets.xcassets */; };
		0331FE36298B031300483B2E /* LaunchScreen.storyboard in Resources */ = {isa = PBXBuildFile; fileRef = 0331FE34298B031300483B2E /* LaunchScreen.storyboard */; };
		0331FE41298B031300483B2E /* SportsAppTests.swift in Sources */ = {isa = PBXBuildFile; fileRef = 0331FE40298B031300483B2E /* SportsAppTests.swift */; };
		0331FE4B298B031300483B2E /* SportsAppUITests.swift in Sources */ = {isa = PBXBuildFile; fileRef = 0331FE4A298B031300483B2E /* SportsAppUITests.swift */; };
		0331FE4D298B031300483B2E /* SportsAppUITestsLaunchTests.swift in Sources */ = {isa = PBXBuildFile; fileRef = 0331FE4C298B031300483B2E /* SportsAppUITestsLaunchTests.swift */; };
		0331FE5A298B035300483B2E /* Favourites.storyboard in Resources */ = {isa = PBXBuildFile; fileRef = 0331FE59298B035300483B2E /* Favourites.storyboard */; };
		035CF2822995A2F200617095 /* LeagueEventsClass.swift in Sources */ = {isa = PBXBuildFile; fileRef = 035CF2812995A2F200617095 /* LeagueEventsClass.swift */; };
		036E856529993F0100F1CEB0 /* LatestClass.swift in Sources */ = {isa = PBXBuildFile; fileRef = 036E856429993F0100F1CEB0 /* LatestClass.swift */; };
		036E856729993F0F00F1CEB0 /* LatestResult.swift in Sources */ = {isa = PBXBuildFile; fileRef = 036E856629993F0F00F1CEB0 /* LatestResult.swift */; };
		036E856929993F2200F1CEB0 /* TeamsClass.swift in Sources */ = {isa = PBXBuildFile; fileRef = 036E856829993F2200F1CEB0 /* TeamsClass.swift */; };
		036E856B29993F2900F1CEB0 /* TeamsResult.swift in Sources */ = {isa = PBXBuildFile; fileRef = 036E856A29993F2900F1CEB0 /* TeamsResult.swift */; };
		03799099299A01A80094DBCF /* TeamssProtocol.swift in Sources */ = {isa = PBXBuildFile; fileRef = 03799098299A01A80094DBCF /* TeamssProtocol.swift */; };
		0379909B299A03640094DBCF /* TeamssURL.swift in Sources */ = {isa = PBXBuildFile; fileRef = 0379909A299A03640094DBCF /* TeamssURL.swift */; };
		0379909D299A06020094DBCF /* ViewTeamsCollection.swift in Sources */ = {isa = PBXBuildFile; fileRef = 0379909C299A06020094DBCF /* ViewTeamsCollection.swift */; };
		0379909F299A4AA00094DBCF /* LatestProtocol.swift in Sources */ = {isa = PBXBuildFile; fileRef = 0379909E299A4AA00094DBCF /* LatestProtocol.swift */; };
		037990A1299A4BC30094DBCF /* LatesttURL.swift in Sources */ = {isa = PBXBuildFile; fileRef = 037990A0299A4BC30094DBCF /* LatesttURL.swift */; };
		037990A3299A4F3E0094DBCF /* ViewLatest.swift in Sources */ = {isa = PBXBuildFile; fileRef = 037990A2299A4F3E0094DBCF /* ViewLatest.swift */; };
		037C85EA298CE129009482BC /* HomeCollectionViewCell.swift in Sources */ = {isa = PBXBuildFile; fileRef = 037C85E8298CE129009482BC /* HomeCollectionViewCell.swift */; };
		037C85EB298CE129009482BC /* HomeCollectionViewCell.xib in Resources */ = {isa = PBXBuildFile; fileRef = 037C85E9298CE129009482BC /* HomeCollectionViewCell.xib */; };
		0389A81E29962502002A385D /* UpCommingClass.swift in Sources */ = {isa = PBXBuildFile; fileRef = 0389A81D29962502002A385D /* UpCommingClass.swift */; };
		0389A8222996AC9A002A385D /* FetchUpComingProtocol.swift in Sources */ = {isa = PBXBuildFile; fileRef = 0389A8212996AC9A002A385D /* FetchUpComingProtocol.swift */; };
		0389A8242996ADD6002A385D /* FetchUpComingURL.swift in Sources */ = {isa = PBXBuildFile; fileRef = 0389A8232996ADD6002A385D /* FetchUpComingURL.swift */; };
		0389A8262996B40E002A385D /* ViewUpComing.swift in Sources */ = {isa = PBXBuildFile; fileRef = 0389A8252996B40E002A385D /* ViewUpComing.swift */; };
		038A6283299184E5005A0184 /* LeaguesEventsVC.swift in Sources */ = {isa = PBXBuildFile; fileRef = 038A6282299184E5005A0184 /* LeaguesEventsVC.swift */; };
		038A628529918FF3005A0184 /* UpCommingCell.swift in Sources */ = {isa = PBXBuildFile; fileRef = 038A628429918FF3005A0184 /* UpCommingCell.swift */; };
		038A628729919010005A0184 /* LatestCell.swift in Sources */ = {isa = PBXBuildFile; fileRef = 038A628629919010005A0184 /* LatestCell.swift */; };
		038A628929919024005A0184 /* TeamsCell.swift in Sources */ = {isa = PBXBuildFile; fileRef = 038A628829919023005A0184 /* TeamsCell.swift */; };
		03A3BE75298BF7DA00C40A81 /* TabBarVC.swift in Sources */ = {isa = PBXBuildFile; fileRef = 03A3BE74298BF7DA00C40A81 /* TabBarVC.swift */; };
		233DEDD4992ADC5955A82F60 /* Pods_SportsApp.framework in Frameworks */ = {isa = PBXBuildFile; fileRef = EDDA51992D3A4A3B0849B189 /* Pods_SportsApp.framework */; };
		4C59AAFB298EB5FA00E58289 /* FavouriteTableViewController.swift in Sources */ = {isa = PBXBuildFile; fileRef = 4C59AAFA298EB5FA00E58289 /* FavouriteTableViewController.swift */; };
		4C59AAFD298EB61500E58289 /* LeagueTableViewController.swift in Sources */ = {isa = PBXBuildFile; fileRef = 4C59AAFC298EB61500E58289 /* LeagueTableViewController.swift */; };
		4C59AAFF298EB63A00E58289 /* FavouriteTableViewCell.swift in Sources */ = {isa = PBXBuildFile; fileRef = 4C59AAFE298EB63A00E58289 /* FavouriteTableViewCell.swift */; };
		4C59AB01298EB64D00E58289 /* LeagueTableViewCell.swift in Sources */ = {isa = PBXBuildFile; fileRef = 4C59AB00298EB64D00E58289 /* LeagueTableViewCell.swift */; };
		4C83CFBD299495740033E349 /* LeagueClass.swift in Sources */ = {isa = PBXBuildFile; fileRef = 4C83CFBC299495740033E349 /* LeagueClass.swift */; };
		4C83CFC1299499F80033E349 /* FetchLeagueURL.swift in Sources */ = {isa = PBXBuildFile; fileRef = 4C83CFC0299499F80033E349 /* FetchLeagueURL.swift */; };
		4C83CFC329949A520033E349 /* FetchLeagueProtocol.swift in Sources */ = {isa = PBXBuildFile; fileRef = 4C83CFC229949A520033E349 /* FetchLeagueProtocol.swift */; };
		4C83CFC529949FE50033E349 /* ViewLeague.swift in Sources */ = {isa = PBXBuildFile; fileRef = 4C83CFC429949FE50033E349 /* ViewLeague.swift */; };
		4C98B02C299C2DEE003FC948 /* MockManagerLeagues.swift in Sources */ = {isa = PBXBuildFile; fileRef = 4C98B02B299C2DEE003FC948 /* MockManagerLeagues.swift */; };
		4C98B02E299C31B1003FC948 /* MockLeagueTest.swift in Sources */ = {isa = PBXBuildFile; fileRef = 4C98B02D299C31B1003FC948 /* MockLeagueTest.swift */; };
		4C98B030299C35FC003FC948 /* EventsExpectation.swift in Sources */ = {isa = PBXBuildFile; fileRef = 4C98B02F299C35FC003FC948 /* EventsExpectation.swift */; };
		4C98B032299C3841003FC948 /* TeamsExpectation.swift in Sources */ = {isa = PBXBuildFile; fileRef = 4C98B031299C3841003FC948 /* TeamsExpectation.swift */; };
		4C9CB6EE29975865008EE0E8 /* TeamDetailsViewController.swift in Sources */ = {isa = PBXBuildFile; fileRef = 4C9CB6ED29975865008EE0E8 /* TeamDetailsViewController.swift */; };
		4C9CB6F329975EBB008EE0E8 /* FetchTeamDetailsService.swift in Sources */ = {isa = PBXBuildFile; fileRef = 4C9CB6F229975EBB008EE0E8 /* FetchTeamDetailsService.swift */; };
		4C9CB6F529975F34008EE0E8 /* FetchTeamDetailsURL.swift in Sources */ = {isa = PBXBuildFile; fileRef = 4C9CB6F429975F34008EE0E8 /* FetchTeamDetailsURL.swift */; };
		4C9CB6F82997603D008EE0E8 /* LeagueResultClass.swift in Sources */ = {isa = PBXBuildFile; fileRef = 4C9CB6F72997603D008EE0E8 /* LeagueResultClass.swift */; };
		4C9CB6FA2997608D008EE0E8 /* TeamDetailsClass.swift in Sources */ = {isa = PBXBuildFile; fileRef = 4C9CB6F92997608D008EE0E8 /* TeamDetailsClass.swift */; };
		4C9CB6FC29976112008EE0E8 /* TeamDetailsResultClass.swift in Sources */ = {isa = PBXBuildFile; fileRef = 4C9CB6FB29976111008EE0E8 /* TeamDetailsResultClass.swift */; };
		4C9CB6FE29976216008EE0E8 /* ViewTeamDetails.swift in Sources */ = {isa = PBXBuildFile; fileRef = 4C9CB6FD29976216008EE0E8 /* ViewTeamDetails.swift */; };
		4CACA22E299B1C3700DBC39A /* TeamDetailsTableViewCell.swift in Sources */ = {isa = PBXBuildFile; fileRef = 4CACA22D299B1C3700DBC39A /* TeamDetailsTableViewCell.swift */; };
		85B4C0647D292CDF819EC180 /* Pods_SportsAppTests.framework in Frameworks */ = {isa = PBXBuildFile; fileRef = 372E9DD8A837EF5417889355 /* Pods_SportsAppTests.framework */; };
		9F5DCD9C2398D39408CB7B8F /* Pods_SportsApp_SportsAppUITests.framework in Frameworks */ = {isa = PBXBuildFile; fileRef = 818CBD265F35FE0E77383B26 /* Pods_SportsApp_SportsAppUITests.framework */; };
/* End PBXBuildFile section */

/* Begin PBXContainerItemProxy section */
		0331FE3D298B031300483B2E /* PBXContainerItemProxy */ = {
			isa = PBXContainerItemProxy;
			containerPortal = 0331FE1B298B031100483B2E /* Project object */;
			proxyType = 1;
			remoteGlobalIDString = 0331FE22298B031100483B2E;
			remoteInfo = SportsApp;
		};
		0331FE47298B031300483B2E /* PBXContainerItemProxy */ = {
			isa = PBXContainerItemProxy;
			containerPortal = 0331FE1B298B031100483B2E /* Project object */;
			proxyType = 1;
			remoteGlobalIDString = 0331FE22298B031100483B2E;
			remoteInfo = SportsApp;
		};
/* End PBXContainerItemProxy section */

/* Begin PBXFileReference section */
		0331FE23298B031100483B2E /* SportsApp.app */ = {isa = PBXFileReference; explicitFileType = wrapper.application; includeInIndex = 0; path = SportsApp.app; sourceTree = BUILT_PRODUCTS_DIR; };
		0331FE26298B031100483B2E /* AppDelegate.swift */ = {isa = PBXFileReference; lastKnownFileType = sourcecode.swift; path = AppDelegate.swift; sourceTree = "<group>"; };
		0331FE28298B031100483B2E /* SceneDelegate.swift */ = {isa = PBXFileReference; lastKnownFileType = sourcecode.swift; path = SceneDelegate.swift; sourceTree = "<group>"; };
		0331FE2A298B031100483B2E /* ViewController.swift */ = {isa = PBXFileReference; lastKnownFileType = sourcecode.swift; path = ViewController.swift; sourceTree = "<group>"; };
		0331FE2D298B031100483B2E /* Base */ = {isa = PBXFileReference; lastKnownFileType = file.storyboard; name = Base; path = Base.lproj/Main.storyboard; sourceTree = "<group>"; };
		0331FE30298B031100483B2E /* SportsApp.xcdatamodel */ = {isa = PBXFileReference; lastKnownFileType = wrapper.xcdatamodel; path = SportsApp.xcdatamodel; sourceTree = "<group>"; };
		0331FE32298B031300483B2E /* Assets.xcassets */ = {isa = PBXFileReference; lastKnownFileType = folder.assetcatalog; path = Assets.xcassets; sourceTree = "<group>"; };
		0331FE35298B031300483B2E /* Base */ = {isa = PBXFileReference; lastKnownFileType = file.storyboard; name = Base; path = Base.lproj/LaunchScreen.storyboard; sourceTree = "<group>"; };
		0331FE37298B031300483B2E /* Info.plist */ = {isa = PBXFileReference; lastKnownFileType = text.plist.xml; path = Info.plist; sourceTree = "<group>"; };
		0331FE3C298B031300483B2E /* SportsAppTests.xctest */ = {isa = PBXFileReference; explicitFileType = wrapper.cfbundle; includeInIndex = 0; path = SportsAppTests.xctest; sourceTree = BUILT_PRODUCTS_DIR; };
		0331FE40298B031300483B2E /* SportsAppTests.swift */ = {isa = PBXFileReference; lastKnownFileType = sourcecode.swift; path = SportsAppTests.swift; sourceTree = "<group>"; };
		0331FE46298B031300483B2E /* SportsAppUITests.xctest */ = {isa = PBXFileReference; explicitFileType = wrapper.cfbundle; includeInIndex = 0; path = SportsAppUITests.xctest; sourceTree = BUILT_PRODUCTS_DIR; };
		0331FE4A298B031300483B2E /* SportsAppUITests.swift */ = {isa = PBXFileReference; lastKnownFileType = sourcecode.swift; path = SportsAppUITests.swift; sourceTree = "<group>"; };
		0331FE4C298B031300483B2E /* SportsAppUITestsLaunchTests.swift */ = {isa = PBXFileReference; lastKnownFileType = sourcecode.swift; path = SportsAppUITestsLaunchTests.swift; sourceTree = "<group>"; };
		0331FE59298B035300483B2E /* Favourites.storyboard */ = {isa = PBXFileReference; lastKnownFileType = file.storyboard; path = Favourites.storyboard; sourceTree = "<group>"; };
		035CF2812995A2F200617095 /* LeagueEventsClass.swift */ = {isa = PBXFileReference; lastKnownFileType = sourcecode.swift; path = LeagueEventsClass.swift; sourceTree = "<group>"; };
		036E856429993F0100F1CEB0 /* LatestClass.swift */ = {isa = PBXFileReference; fileEncoding = 4; lastKnownFileType = sourcecode.swift; path = LatestClass.swift; sourceTree = "<group>"; };
		036E856629993F0F00F1CEB0 /* LatestResult.swift */ = {isa = PBXFileReference; fileEncoding = 4; lastKnownFileType = sourcecode.swift; path = LatestResult.swift; sourceTree = "<group>"; };
		036E856829993F2200F1CEB0 /* TeamsClass.swift */ = {isa = PBXFileReference; fileEncoding = 4; lastKnownFileType = sourcecode.swift; path = TeamsClass.swift; sourceTree = "<group>"; };
		036E856A29993F2900F1CEB0 /* TeamsResult.swift */ = {isa = PBXFileReference; fileEncoding = 4; lastKnownFileType = sourcecode.swift; path = TeamsResult.swift; sourceTree = "<group>"; };
		03799098299A01A80094DBCF /* TeamssProtocol.swift */ = {isa = PBXFileReference; lastKnownFileType = sourcecode.swift; path = TeamssProtocol.swift; sourceTree = "<group>"; };
		0379909A299A03640094DBCF /* TeamssURL.swift */ = {isa = PBXFileReference; lastKnownFileType = sourcecode.swift; path = TeamssURL.swift; sourceTree = "<group>"; };
		0379909C299A06020094DBCF /* ViewTeamsCollection.swift */ = {isa = PBXFileReference; lastKnownFileType = sourcecode.swift; path = ViewTeamsCollection.swift; sourceTree = "<group>"; };
		0379909E299A4AA00094DBCF /* LatestProtocol.swift */ = {isa = PBXFileReference; lastKnownFileType = sourcecode.swift; path = LatestProtocol.swift; sourceTree = "<group>"; };
		037990A0299A4BC30094DBCF /* LatesttURL.swift */ = {isa = PBXFileReference; lastKnownFileType = sourcecode.swift; path = LatesttURL.swift; sourceTree = "<group>"; };
		037990A2299A4F3E0094DBCF /* ViewLatest.swift */ = {isa = PBXFileReference; lastKnownFileType = sourcecode.swift; path = ViewLatest.swift; sourceTree = "<group>"; };
		037C85E8298CE129009482BC /* HomeCollectionViewCell.swift */ = {isa = PBXFileReference; lastKnownFileType = sourcecode.swift; path = HomeCollectionViewCell.swift; sourceTree = "<group>"; };
		037C85E9298CE129009482BC /* HomeCollectionViewCell.xib */ = {isa = PBXFileReference; lastKnownFileType = file.xib; path = HomeCollectionViewCell.xib; sourceTree = "<group>"; };
		0389A81D29962502002A385D /* UpCommingClass.swift */ = {isa = PBXFileReference; lastKnownFileType = sourcecode.swift; path = UpCommingClass.swift; sourceTree = "<group>"; };
		0389A8212996AC9A002A385D /* FetchUpComingProtocol.swift */ = {isa = PBXFileReference; lastKnownFileType = sourcecode.swift; path = FetchUpComingProtocol.swift; sourceTree = "<group>"; };
		0389A8232996ADD6002A385D /* FetchUpComingURL.swift */ = {isa = PBXFileReference; lastKnownFileType = sourcecode.swift; path = FetchUpComingURL.swift; sourceTree = "<group>"; };
		0389A8252996B40E002A385D /* ViewUpComing.swift */ = {isa = PBXFileReference; lastKnownFileType = sourcecode.swift; path = ViewUpComing.swift; sourceTree = "<group>"; };
		038A6282299184E5005A0184 /* LeaguesEventsVC.swift */ = {isa = PBXFileReference; lastKnownFileType = sourcecode.swift; path = LeaguesEventsVC.swift; sourceTree = "<group>"; };
		038A628429918FF3005A0184 /* UpCommingCell.swift */ = {isa = PBXFileReference; lastKnownFileType = sourcecode.swift; path = UpCommingCell.swift; sourceTree = "<group>"; };
		038A628629919010005A0184 /* LatestCell.swift */ = {isa = PBXFileReference; lastKnownFileType = sourcecode.swift; path = LatestCell.swift; sourceTree = "<group>"; };
		038A628829919023005A0184 /* TeamsCell.swift */ = {isa = PBXFileReference; lastKnownFileType = sourcecode.swift; path = TeamsCell.swift; sourceTree = "<group>"; };
		03A3BE74298BF7DA00C40A81 /* TabBarVC.swift */ = {isa = PBXFileReference; lastKnownFileType = sourcecode.swift; path = TabBarVC.swift; sourceTree = "<group>"; };
		18C39A99499C7D90A4DE1C2A /* Pods-SportsApp-SportsAppUITests.release.xcconfig */ = {isa = PBXFileReference; includeInIndex = 1; lastKnownFileType = text.xcconfig; name = "Pods-SportsApp-SportsAppUITests.release.xcconfig"; path = "Target Support Files/Pods-SportsApp-SportsAppUITests/Pods-SportsApp-SportsAppUITests.release.xcconfig"; sourceTree = "<group>"; };
		198BC781FBE0406D752C7202 /* Pods-SportsAppTests.debug.xcconfig */ = {isa = PBXFileReference; includeInIndex = 1; lastKnownFileType = text.xcconfig; name = "Pods-SportsAppTests.debug.xcconfig"; path = "Target Support Files/Pods-SportsAppTests/Pods-SportsAppTests.debug.xcconfig"; sourceTree = "<group>"; };
		372E9DD8A837EF5417889355 /* Pods_SportsAppTests.framework */ = {isa = PBXFileReference; explicitFileType = wrapper.framework; includeInIndex = 0; path = Pods_SportsAppTests.framework; sourceTree = BUILT_PRODUCTS_DIR; };
		4C59AAFA298EB5FA00E58289 /* FavouriteTableViewController.swift */ = {isa = PBXFileReference; lastKnownFileType = sourcecode.swift; path = FavouriteTableViewController.swift; sourceTree = "<group>"; };
		4C59AAFC298EB61500E58289 /* LeagueTableViewController.swift */ = {isa = PBXFileReference; lastKnownFileType = sourcecode.swift; path = LeagueTableViewController.swift; sourceTree = "<group>"; };
		4C59AAFE298EB63A00E58289 /* FavouriteTableViewCell.swift */ = {isa = PBXFileReference; lastKnownFileType = sourcecode.swift; path = FavouriteTableViewCell.swift; sourceTree = "<group>"; };
		4C59AB00298EB64D00E58289 /* LeagueTableViewCell.swift */ = {isa = PBXFileReference; lastKnownFileType = sourcecode.swift; path = LeagueTableViewCell.swift; sourceTree = "<group>"; };
		4C83CFBC299495740033E349 /* LeagueClass.swift */ = {isa = PBXFileReference; lastKnownFileType = sourcecode.swift; path = LeagueClass.swift; sourceTree = "<group>"; };
		4C83CFC0299499F80033E349 /* FetchLeagueURL.swift */ = {isa = PBXFileReference; lastKnownFileType = sourcecode.swift; path = FetchLeagueURL.swift; sourceTree = "<group>"; };
		4C83CFC229949A520033E349 /* FetchLeagueProtocol.swift */ = {isa = PBXFileReference; lastKnownFileType = sourcecode.swift; path = FetchLeagueProtocol.swift; sourceTree = "<group>"; };
		4C83CFC429949FE50033E349 /* ViewLeague.swift */ = {isa = PBXFileReference; lastKnownFileType = sourcecode.swift; path = ViewLeague.swift; sourceTree = "<group>"; };
		4C98B02B299C2DEE003FC948 /* MockManagerLeagues.swift */ = {isa = PBXFileReference; lastKnownFileType = sourcecode.swift; path = MockManagerLeagues.swift; sourceTree = "<group>"; };
		4C98B02D299C31B1003FC948 /* MockLeagueTest.swift */ = {isa = PBXFileReference; lastKnownFileType = sourcecode.swift; path = MockLeagueTest.swift; sourceTree = "<group>"; };
		4C98B02F299C35FC003FC948 /* EventsExpectation.swift */ = {isa = PBXFileReference; lastKnownFileType = sourcecode.swift; path = EventsExpectation.swift; sourceTree = "<group>"; };
		4C98B031299C3841003FC948 /* TeamsExpectation.swift */ = {isa = PBXFileReference; lastKnownFileType = sourcecode.swift; path = TeamsExpectation.swift; sourceTree = "<group>"; };
		4C9CB6ED29975865008EE0E8 /* TeamDetailsViewController.swift */ = {isa = PBXFileReference; lastKnownFileType = sourcecode.swift; path = TeamDetailsViewController.swift; sourceTree = "<group>"; };
		4C9CB6F229975EBB008EE0E8 /* FetchTeamDetailsService.swift */ = {isa = PBXFileReference; lastKnownFileType = sourcecode.swift; path = FetchTeamDetailsService.swift; sourceTree = "<group>"; };
		4C9CB6F429975F34008EE0E8 /* FetchTeamDetailsURL.swift */ = {isa = PBXFileReference; lastKnownFileType = sourcecode.swift; path = FetchTeamDetailsURL.swift; sourceTree = "<group>"; };
		4C9CB6F72997603D008EE0E8 /* LeagueResultClass.swift */ = {isa = PBXFileReference; lastKnownFileType = sourcecode.swift; path = LeagueResultClass.swift; sourceTree = "<group>"; };
		4C9CB6F92997608D008EE0E8 /* TeamDetailsClass.swift */ = {isa = PBXFileReference; lastKnownFileType = sourcecode.swift; path = TeamDetailsClass.swift; sourceTree = "<group>"; };
		4C9CB6FB29976111008EE0E8 /* TeamDetailsResultClass.swift */ = {isa = PBXFileReference; lastKnownFileType = sourcecode.swift; path = TeamDetailsResultClass.swift; sourceTree = "<group>"; };
		4C9CB6FD29976216008EE0E8 /* ViewTeamDetails.swift */ = {isa = PBXFileReference; lastKnownFileType = sourcecode.swift; path = ViewTeamDetails.swift; sourceTree = "<group>"; };
		4CACA22D299B1C3700DBC39A /* TeamDetailsTableViewCell.swift */ = {isa = PBXFileReference; lastKnownFileType = sourcecode.swift; path = TeamDetailsTableViewCell.swift; sourceTree = "<group>"; };
		6344A257983CF95ACEDD8F5C /* Pods-SportsApp-SportsAppUITests.debug.xcconfig */ = {isa = PBXFileReference; includeInIndex = 1; lastKnownFileType = text.xcconfig; name = "Pods-SportsApp-SportsAppUITests.debug.xcconfig"; path = "Target Support Files/Pods-SportsApp-SportsAppUITests/Pods-SportsApp-SportsAppUITests.debug.xcconfig"; sourceTree = "<group>"; };
		818CBD265F35FE0E77383B26 /* Pods_SportsApp_SportsAppUITests.framework */ = {isa = PBXFileReference; explicitFileType = wrapper.framework; includeInIndex = 0; path = Pods_SportsApp_SportsAppUITests.framework; sourceTree = BUILT_PRODUCTS_DIR; };
		AD7CEFDEADB3F2AA7C24F456 /* Pods-SportsApp.release.xcconfig */ = {isa = PBXFileReference; includeInIndex = 1; lastKnownFileType = text.xcconfig; name = "Pods-SportsApp.release.xcconfig"; path = "Target Support Files/Pods-SportsApp/Pods-SportsApp.release.xcconfig"; sourceTree = "<group>"; };
		D471AC03EA37550EACA332DE /* Pods-SportsApp.debug.xcconfig */ = {isa = PBXFileReference; includeInIndex = 1; lastKnownFileType = text.xcconfig; name = "Pods-SportsApp.debug.xcconfig"; path = "Target Support Files/Pods-SportsApp/Pods-SportsApp.debug.xcconfig"; sourceTree = "<group>"; };
		EB7876930A20EA5B46D147EB /* Pods-SportsAppTests.release.xcconfig */ = {isa = PBXFileReference; includeInIndex = 1; lastKnownFileType = text.xcconfig; name = "Pods-SportsAppTests.release.xcconfig"; path = "Target Support Files/Pods-SportsAppTests/Pods-SportsAppTests.release.xcconfig"; sourceTree = "<group>"; };
		EDDA51992D3A4A3B0849B189 /* Pods_SportsApp.framework */ = {isa = PBXFileReference; explicitFileType = wrapper.framework; includeInIndex = 0; path = Pods_SportsApp.framework; sourceTree = BUILT_PRODUCTS_DIR; };
/* End PBXFileReference section */

/* Begin PBXFrameworksBuildPhase section */
		0331FE20298B031100483B2E /* Frameworks */ = {
			isa = PBXFrameworksBuildPhase;
			buildActionMask = 2147483647;
			files = (
				233DEDD4992ADC5955A82F60 /* Pods_SportsApp.framework in Frameworks */,
			);
			runOnlyForDeploymentPostprocessing = 0;
		};
		0331FE39298B031300483B2E /* Frameworks */ = {
			isa = PBXFrameworksBuildPhase;
			buildActionMask = 2147483647;
			files = (
				85B4C0647D292CDF819EC180 /* Pods_SportsAppTests.framework in Frameworks */,
			);
			runOnlyForDeploymentPostprocessing = 0;
		};
		0331FE43298B031300483B2E /* Frameworks */ = {
			isa = PBXFrameworksBuildPhase;
			buildActionMask = 2147483647;
			files = (
				9F5DCD9C2398D39408CB7B8F /* Pods_SportsApp_SportsAppUITests.framework in Frameworks */,
			);
			runOnlyForDeploymentPostprocessing = 0;
		};
/* End PBXFrameworksBuildPhase section */

/* Begin PBXGroup section */
		0331FE1A298B031100483B2E = {
			isa = PBXGroup;
			children = (
				0331FE25298B031100483B2E /* SportsApp */,
				0331FE3F298B031300483B2E /* SportsAppTests */,
				0331FE49298B031300483B2E /* SportsAppUITests */,
				0331FE24298B031100483B2E /* Products */,
				41734071037521B5A247E558 /* Pods */,
				175DF833BF5B75795232B35D /* Frameworks */,
			);
			sourceTree = "<group>";
		};
		0331FE24298B031100483B2E /* Products */ = {
			isa = PBXGroup;
			children = (
				0331FE23298B031100483B2E /* SportsApp.app */,
				0331FE3C298B031300483B2E /* SportsAppTests.xctest */,
				0331FE46298B031300483B2E /* SportsAppUITests.xctest */,
			);
			name = Products;
			sourceTree = "<group>";
		};
		0331FE25298B031100483B2E /* SportsApp */ = {
			isa = PBXGroup;
			children = (
				0331FE37298B031300483B2E /* Info.plist */,
				038A37A129937F7200491DCA /* Utilities */,
				038A379F29937F4600491DCA /* Model */,
				038A379E29937F3B00491DCA /* View */,
				038A379D29937F2800491DCA /* ViewModel */,
			);
			path = SportsApp;
			sourceTree = "<group>";
		};
		0331FE3F298B031300483B2E /* SportsAppTests */ = {
			isa = PBXGroup;
			children = (
				0331FE40298B031300483B2E /* SportsAppTests.swift */,
				4C98B02B299C2DEE003FC948 /* MockManagerLeagues.swift */,
				4C98B02D299C31B1003FC948 /* MockLeagueTest.swift */,
				4C98B02F299C35FC003FC948 /* EventsExpectation.swift */,
				4C98B031299C3841003FC948 /* TeamsExpectation.swift */,
			);
			path = SportsAppTests;
			sourceTree = "<group>";
		};
		0331FE49298B031300483B2E /* SportsAppUITests */ = {
			isa = PBXGroup;
			children = (
				0331FE4A298B031300483B2E /* SportsAppUITests.swift */,
				0331FE4C298B031300483B2E /* SportsAppUITestsLaunchTests.swift */,
			);
			path = SportsAppUITests;
			sourceTree = "<group>";
		};
		038A379D29937F2800491DCA /* ViewModel */ = {
			isa = PBXGroup;
			children = (
				4C83CFC429949FE50033E349 /* ViewLeague.swift */,
				0389A8252996B40E002A385D /* ViewUpComing.swift */,
				4C9CB6FD29976216008EE0E8 /* ViewTeamDetails.swift */,
				0379909C299A06020094DBCF /* ViewTeamsCollection.swift */,
				037990A2299A4F3E0094DBCF /* ViewLatest.swift */,
			);
			path = ViewModel;
			sourceTree = "<group>";
		};
		038A379E29937F3B00491DCA /* View */ = {
			isa = PBXGroup;
			children = (
				0331FE34298B031300483B2E /* LaunchScreen.storyboard */,
				0331FE2C298B031100483B2E /* Main.storyboard */,
				037C85E9298CE129009482BC /* HomeCollectionViewCell.xib */,
				0331FE59298B035300483B2E /* Favourites.storyboard */,
				038A37A029937F5200491DCA /* Controllers */,
			);
			path = View;
			sourceTree = "<group>";
		};
		038A379F29937F4600491DCA /* Model */ = {
			isa = PBXGroup;
			children = (
				4C9CB6F62997600C008EE0E8 /* API Classes */,
				4C83CFBE299499BE0033E349 /* Service */,
			);
			path = Model;
			sourceTree = "<group>";
		};
		038A37A029937F5200491DCA /* Controllers */ = {
			isa = PBXGroup;
			children = (
				0331FE2A298B031100483B2E /* ViewController.swift */,
				03A3BE74298BF7DA00C40A81 /* TabBarVC.swift */,
				038A628629919010005A0184 /* LatestCell.swift */,
				037C85E8298CE129009482BC /* HomeCollectionViewCell.swift */,
				038A6282299184E5005A0184 /* LeaguesEventsVC.swift */,
				038A628429918FF3005A0184 /* UpCommingCell.swift */,
				038A628829919023005A0184 /* TeamsCell.swift */,
				4C59AB00298EB64D00E58289 /* LeagueTableViewCell.swift */,
				4C59AAFC298EB61500E58289 /* LeagueTableViewController.swift */,
				4C9CB6ED29975865008EE0E8 /* TeamDetailsViewController.swift */,
				4CACA22D299B1C3700DBC39A /* TeamDetailsTableViewCell.swift */,
				4C59AAFE298EB63A00E58289 /* FavouriteTableViewCell.swift */,
				4C59AAFA298EB5FA00E58289 /* FavouriteTableViewController.swift */,
			);
			path = Controllers;
			sourceTree = "<group>";
		};
		038A37A129937F7200491DCA /* Utilities */ = {
			isa = PBXGroup;
			children = (
				0331FE2F298B031100483B2E /* SportsApp.xcdatamodeld */,
				0331FE28298B031100483B2E /* SceneDelegate.swift */,
				0331FE26298B031100483B2E /* AppDelegate.swift */,
				0331FE32298B031300483B2E /* Assets.xcassets */,
			);
			path = Utilities;
			sourceTree = "<group>";
		};
		175DF833BF5B75795232B35D /* Frameworks */ = {
			isa = PBXGroup;
			children = (
				EDDA51992D3A4A3B0849B189 /* Pods_SportsApp.framework */,
				818CBD265F35FE0E77383B26 /* Pods_SportsApp_SportsAppUITests.framework */,
				372E9DD8A837EF5417889355 /* Pods_SportsAppTests.framework */,
			);
			name = Frameworks;
			sourceTree = "<group>";
		};
		41734071037521B5A247E558 /* Pods */ = {
			isa = PBXGroup;
			children = (
				D471AC03EA37550EACA332DE /* Pods-SportsApp.debug.xcconfig */,
				AD7CEFDEADB3F2AA7C24F456 /* Pods-SportsApp.release.xcconfig */,
				6344A257983CF95ACEDD8F5C /* Pods-SportsApp-SportsAppUITests.debug.xcconfig */,
				18C39A99499C7D90A4DE1C2A /* Pods-SportsApp-SportsAppUITests.release.xcconfig */,
				198BC781FBE0406D752C7202 /* Pods-SportsAppTests.debug.xcconfig */,
				EB7876930A20EA5B46D147EB /* Pods-SportsAppTests.release.xcconfig */,
			);
			path = Pods;
			sourceTree = "<group>";
		};
		4C83CFBE299499BE0033E349 /* Service */ = {
			isa = PBXGroup;
			children = (
				4C83CFBF299499CA0033E349 /* NetworkService */,
			);
			path = Service;
			sourceTree = "<group>";
		};
		4C83CFBF299499CA0033E349 /* NetworkService */ = {
			isa = PBXGroup;
			children = (
				03799098299A01A80094DBCF /* TeamssProtocol.swift */,
				0379909A299A03640094DBCF /* TeamssURL.swift */,
				0379909E299A4AA00094DBCF /* LatestProtocol.swift */,
				037990A0299A4BC30094DBCF /* LatesttURL.swift */,
				4C9CB6F129975E7F008EE0E8 /* Team Details */,
				4C9CB6F029975E57008EE0E8 /* Upcoming Event */,
				4C9CB6EF29975E3A008EE0E8 /* League */,
			);
			path = NetworkService;
			sourceTree = "<group>";
		};
		4C9CB6EF29975E3A008EE0E8 /* League */ = {
			isa = PBXGroup;
			children = (
				4C83CFC229949A520033E349 /* FetchLeagueProtocol.swift */,
				4C83CFC0299499F80033E349 /* FetchLeagueURL.swift */,
			);
			path = League;
			sourceTree = "<group>";
		};
		4C9CB6F029975E57008EE0E8 /* Upcoming Event */ = {
			isa = PBXGroup;
			children = (
				0389A8212996AC9A002A385D /* FetchUpComingProtocol.swift */,
				0389A8232996ADD6002A385D /* FetchUpComingURL.swift */,
			);
			path = "Upcoming Event";
			sourceTree = "<group>";
		};
		4C9CB6F129975E7F008EE0E8 /* Team Details */ = {
			isa = PBXGroup;
			children = (
				4C9CB6F229975EBB008EE0E8 /* FetchTeamDetailsService.swift */,
				4C9CB6F429975F34008EE0E8 /* FetchTeamDetailsURL.swift */,
			);
			path = "Team Details";
			sourceTree = "<group>";
		};
		4C9CB6F62997600C008EE0E8 /* API Classes */ = {
			isa = PBXGroup;
			children = (
				4C83CFBC299495740033E349 /* LeagueClass.swift */,
				4C9CB6F72997603D008EE0E8 /* LeagueResultClass.swift */,
				035CF2812995A2F200617095 /* LeagueEventsClass.swift */,
				0389A81D29962502002A385D /* UpCommingClass.swift */,
				4C9CB6F92997608D008EE0E8 /* TeamDetailsClass.swift */,
				4C9CB6FB29976111008EE0E8 /* TeamDetailsResultClass.swift */,
				036E856429993F0100F1CEB0 /* LatestClass.swift */,
				036E856629993F0F00F1CEB0 /* LatestResult.swift */,
				036E856829993F2200F1CEB0 /* TeamsClass.swift */,
				036E856A29993F2900F1CEB0 /* TeamsResult.swift */,
			);
			path = "API Classes";
			sourceTree = "<group>";
		};
/* End PBXGroup section */

/* Begin PBXNativeTarget section */
		0331FE22298B031100483B2E /* SportsApp */ = {
			isa = PBXNativeTarget;
			buildConfigurationList = 0331FE50298B031300483B2E /* Build configuration list for PBXNativeTarget "SportsApp" */;
			buildPhases = (
				4A533111257D63FC7FF4623A /* [CP] Check Pods Manifest.lock */,
				0331FE1F298B031100483B2E /* Sources */,
				0331FE20298B031100483B2E /* Frameworks */,
				0331FE21298B031100483B2E /* Resources */,
				1D1FF71F657591F246847DA9 /* [CP] Embed Pods Frameworks */,
			);
			buildRules = (
			);
			dependencies = (
			);
			name = SportsApp;
			productName = SportsApp;
			productReference = 0331FE23298B031100483B2E /* SportsApp.app */;
			productType = "com.apple.product-type.application";
		};
		0331FE3B298B031300483B2E /* SportsAppTests */ = {
			isa = PBXNativeTarget;
			buildConfigurationList = 0331FE53298B031300483B2E /* Build configuration list for PBXNativeTarget "SportsAppTests" */;
			buildPhases = (
				99D58059DBA12CF10C90E3A9 /* [CP] Check Pods Manifest.lock */,
				0331FE38298B031300483B2E /* Sources */,
				0331FE39298B031300483B2E /* Frameworks */,
				0331FE3A298B031300483B2E /* Resources */,
			);
			buildRules = (
			);
			dependencies = (
				0331FE3E298B031300483B2E /* PBXTargetDependency */,
			);
			name = SportsAppTests;
			productName = SportsAppTests;
			productReference = 0331FE3C298B031300483B2E /* SportsAppTests.xctest */;
			productType = "com.apple.product-type.bundle.unit-test";
		};
		0331FE45298B031300483B2E /* SportsAppUITests */ = {
			isa = PBXNativeTarget;
			buildConfigurationList = 0331FE56298B031300483B2E /* Build configuration list for PBXNativeTarget "SportsAppUITests" */;
			buildPhases = (
				63D4BCA7B82105CEAD061C02 /* [CP] Check Pods Manifest.lock */,
				0331FE42298B031300483B2E /* Sources */,
				0331FE43298B031300483B2E /* Frameworks */,
				0331FE44298B031300483B2E /* Resources */,
				B821649AD224CB46531A8169 /* [CP] Embed Pods Frameworks */,
			);
			buildRules = (
			);
			dependencies = (
				0331FE48298B031300483B2E /* PBXTargetDependency */,
			);
			name = SportsAppUITests;
			productName = SportsAppUITests;
			productReference = 0331FE46298B031300483B2E /* SportsAppUITests.xctest */;
			productType = "com.apple.product-type.bundle.ui-testing";
		};
/* End PBXNativeTarget section */

/* Begin PBXProject section */
		0331FE1B298B031100483B2E /* Project object */ = {
			isa = PBXProject;
			attributes = {
				BuildIndependentTargetsInParallel = 1;
				LastSwiftUpdateCheck = 1420;
				LastUpgradeCheck = 1420;
				TargetAttributes = {
					0331FE22298B031100483B2E = {
						CreatedOnToolsVersion = 14.2;
					};
					0331FE3B298B031300483B2E = {
						CreatedOnToolsVersion = 14.2;
						TestTargetID = 0331FE22298B031100483B2E;
					};
					0331FE45298B031300483B2E = {
						CreatedOnToolsVersion = 14.2;
						TestTargetID = 0331FE22298B031100483B2E;
					};
				};
			};
			buildConfigurationList = 0331FE1E298B031100483B2E /* Build configuration list for PBXProject "SportsApp" */;
			compatibilityVersion = "Xcode 14.0";
			developmentRegion = en;
			hasScannedForEncodings = 0;
			knownRegions = (
				en,
				Base,
			);
			mainGroup = 0331FE1A298B031100483B2E;
			productRefGroup = 0331FE24298B031100483B2E /* Products */;
			projectDirPath = "";
			projectRoot = "";
			targets = (
				0331FE22298B031100483B2E /* SportsApp */,
				0331FE3B298B031300483B2E /* SportsAppTests */,
				0331FE45298B031300483B2E /* SportsAppUITests */,
			);
		};
/* End PBXProject section */

/* Begin PBXResourcesBuildPhase section */
		0331FE21298B031100483B2E /* Resources */ = {
			isa = PBXResourcesBuildPhase;
			buildActionMask = 2147483647;
			files = (
				037C85EB298CE129009482BC /* HomeCollectionViewCell.xib in Resources */,
				0331FE5A298B035300483B2E /* Favourites.storyboard in Resources */,
				0331FE36298B031300483B2E /* LaunchScreen.storyboard in Resources */,
				0331FE33298B031300483B2E /* Assets.xcassets in Resources */,
				0331FE2E298B031100483B2E /* Main.storyboard in Resources */,
			);
			runOnlyForDeploymentPostprocessing = 0;
		};
		0331FE3A298B031300483B2E /* Resources */ = {
			isa = PBXResourcesBuildPhase;
			buildActionMask = 2147483647;
			files = (
			);
			runOnlyForDeploymentPostprocessing = 0;
		};
		0331FE44298B031300483B2E /* Resources */ = {
			isa = PBXResourcesBuildPhase;
			buildActionMask = 2147483647;
			files = (
			);
			runOnlyForDeploymentPostprocessing = 0;
		};
/* End PBXResourcesBuildPhase section */

/* Begin PBXShellScriptBuildPhase section */
		1D1FF71F657591F246847DA9 /* [CP] Embed Pods Frameworks */ = {
			isa = PBXShellScriptBuildPhase;
			buildActionMask = 2147483647;
			files = (
			);
			inputFileListPaths = (
				"${PODS_ROOT}/Target Support Files/Pods-SportsApp/Pods-SportsApp-frameworks-${CONFIGURATION}-input-files.xcfilelist",
			);
			name = "[CP] Embed Pods Frameworks";
			outputFileListPaths = (
				"${PODS_ROOT}/Target Support Files/Pods-SportsApp/Pods-SportsApp-frameworks-${CONFIGURATION}-output-files.xcfilelist",
			);
			runOnlyForDeploymentPostprocessing = 0;
			shellPath = /bin/sh;
			shellScript = "\"${PODS_ROOT}/Target Support Files/Pods-SportsApp/Pods-SportsApp-frameworks.sh\"\n";
			showEnvVarsInLog = 0;
		};
		4A533111257D63FC7FF4623A /* [CP] Check Pods Manifest.lock */ = {
			isa = PBXShellScriptBuildPhase;
			buildActionMask = 2147483647;
			files = (
			);
			inputFileListPaths = (
			);
			inputPaths = (
				"${PODS_PODFILE_DIR_PATH}/Podfile.lock",
				"${PODS_ROOT}/Manifest.lock",
			);
			name = "[CP] Check Pods Manifest.lock";
			outputFileListPaths = (
			);
			outputPaths = (
				"$(DERIVED_FILE_DIR)/Pods-SportsApp-checkManifestLockResult.txt",
			);
			runOnlyForDeploymentPostprocessing = 0;
			shellPath = /bin/sh;
			shellScript = "diff \"${PODS_PODFILE_DIR_PATH}/Podfile.lock\" \"${PODS_ROOT}/Manifest.lock\" > /dev/null\nif [ $? != 0 ] ; then\n    # print error to STDERR\n    echo \"error: The sandbox is not in sync with the Podfile.lock. Run 'pod install' or update your CocoaPods installation.\" >&2\n    exit 1\nfi\n# This output is used by Xcode 'outputs' to avoid re-running this script phase.\necho \"SUCCESS\" > \"${SCRIPT_OUTPUT_FILE_0}\"\n";
			showEnvVarsInLog = 0;
		};
		63D4BCA7B82105CEAD061C02 /* [CP] Check Pods Manifest.lock */ = {
			isa = PBXShellScriptBuildPhase;
			buildActionMask = 2147483647;
			files = (
			);
			inputFileListPaths = (
			);
			inputPaths = (
				"${PODS_PODFILE_DIR_PATH}/Podfile.lock",
				"${PODS_ROOT}/Manifest.lock",
			);
			name = "[CP] Check Pods Manifest.lock";
			outputFileListPaths = (
			);
			outputPaths = (
				"$(DERIVED_FILE_DIR)/Pods-SportsApp-SportsAppUITests-checkManifestLockResult.txt",
			);
			runOnlyForDeploymentPostprocessing = 0;
			shellPath = /bin/sh;
			shellScript = "diff \"${PODS_PODFILE_DIR_PATH}/Podfile.lock\" \"${PODS_ROOT}/Manifest.lock\" > /dev/null\nif [ $? != 0 ] ; then\n    # print error to STDERR\n    echo \"error: The sandbox is not in sync with the Podfile.lock. Run 'pod install' or update your CocoaPods installation.\" >&2\n    exit 1\nfi\n# This output is used by Xcode 'outputs' to avoid re-running this script phase.\necho \"SUCCESS\" > \"${SCRIPT_OUTPUT_FILE_0}\"\n";
			showEnvVarsInLog = 0;
		};
		99D58059DBA12CF10C90E3A9 /* [CP] Check Pods Manifest.lock */ = {
			isa = PBXShellScriptBuildPhase;
			buildActionMask = 2147483647;
			files = (
			);
			inputFileListPaths = (
			);
			inputPaths = (
				"${PODS_PODFILE_DIR_PATH}/Podfile.lock",
				"${PODS_ROOT}/Manifest.lock",
			);
			name = "[CP] Check Pods Manifest.lock";
			outputFileListPaths = (
			);
			outputPaths = (
				"$(DERIVED_FILE_DIR)/Pods-SportsAppTests-checkManifestLockResult.txt",
			);
			runOnlyForDeploymentPostprocessing = 0;
			shellPath = /bin/sh;
			shellScript = "diff \"${PODS_PODFILE_DIR_PATH}/Podfile.lock\" \"${PODS_ROOT}/Manifest.lock\" > /dev/null\nif [ $? != 0 ] ; then\n    # print error to STDERR\n    echo \"error: The sandbox is not in sync with the Podfile.lock. Run 'pod install' or update your CocoaPods installation.\" >&2\n    exit 1\nfi\n# This output is used by Xcode 'outputs' to avoid re-running this script phase.\necho \"SUCCESS\" > \"${SCRIPT_OUTPUT_FILE_0}\"\n";
			showEnvVarsInLog = 0;
		};
		B821649AD224CB46531A8169 /* [CP] Embed Pods Frameworks */ = {
			isa = PBXShellScriptBuildPhase;
			buildActionMask = 2147483647;
			files = (
			);
			inputFileListPaths = (
				"${PODS_ROOT}/Target Support Files/Pods-SportsApp-SportsAppUITests/Pods-SportsApp-SportsAppUITests-frameworks-${CONFIGURATION}-input-files.xcfilelist",
			);
			name = "[CP] Embed Pods Frameworks";
			outputFileListPaths = (
				"${PODS_ROOT}/Target Support Files/Pods-SportsApp-SportsAppUITests/Pods-SportsApp-SportsAppUITests-frameworks-${CONFIGURATION}-output-files.xcfilelist",
			);
			runOnlyForDeploymentPostprocessing = 0;
			shellPath = /bin/sh;
			shellScript = "\"${PODS_ROOT}/Target Support Files/Pods-SportsApp-SportsAppUITests/Pods-SportsApp-SportsAppUITests-frameworks.sh\"\n";
			showEnvVarsInLog = 0;
		};
/* End PBXShellScriptBuildPhase section */

/* Begin PBXSourcesBuildPhase section */
		0331FE1F298B031100483B2E /* Sources */ = {
			isa = PBXSourcesBuildPhase;
			buildActionMask = 2147483647;
			files = (
				4C9CB6FA2997608D008EE0E8 /* TeamDetailsClass.swift in Sources */,
				0331FE2B298B031100483B2E /* ViewController.swift in Sources */,
				0379909D299A06020094DBCF /* ViewTeamsCollection.swift in Sources */,
				037990A3299A4F3E0094DBCF /* ViewLatest.swift in Sources */,
				4C83CFC529949FE50033E349 /* ViewLeague.swift in Sources */,
				4C9CB6FC29976112008EE0E8 /* TeamDetailsResultClass.swift in Sources */,
				4C59AAFF298EB63A00E58289 /* FavouriteTableViewCell.swift in Sources */,
				0331FE27298B031100483B2E /* AppDelegate.swift in Sources */,
				0389A81E29962502002A385D /* UpCommingClass.swift in Sources */,
				036E856729993F0F00F1CEB0 /* LatestResult.swift in Sources */,
				4C59AAFB298EB5FA00E58289 /* FavouriteTableViewController.swift in Sources */,
				038A628729919010005A0184 /* LatestCell.swift in Sources */,
				0389A8262996B40E002A385D /* ViewUpComing.swift in Sources */,
				03A3BE75298BF7DA00C40A81 /* TabBarVC.swift in Sources */,
				4C59AAFD298EB61500E58289 /* LeagueTableViewController.swift in Sources */,
				03799099299A01A80094DBCF /* TeamssProtocol.swift in Sources */,
				4C59AB01298EB64D00E58289 /* LeagueTableViewCell.swift in Sources */,
				038A628929919024005A0184 /* TeamsCell.swift in Sources */,
				036E856529993F0100F1CEB0 /* LatestClass.swift in Sources */,
				0331FE31298B031100483B2E /* SportsApp.xcdatamodeld in Sources */,
				0331FE29298B031100483B2E /* SceneDelegate.swift in Sources */,
				4C9CB6F82997603D008EE0E8 /* LeagueResultClass.swift in Sources */,
				038A628529918FF3005A0184 /* UpCommingCell.swift in Sources */,
				0389A8242996ADD6002A385D /* FetchUpComingURL.swift in Sources */,
				4CACA22E299B1C3700DBC39A /* TeamDetailsTableViewCell.swift in Sources */,
				4C83CFBD299495740033E349 /* LeagueClass.swift in Sources */,
				0389A8222996AC9A002A385D /* FetchUpComingProtocol.swift in Sources */,
				037990A1299A4BC30094DBCF /* LatesttURL.swift in Sources */,
				036E856B29993F2900F1CEB0 /* TeamsResult.swift in Sources */,
				037C85EA298CE129009482BC /* HomeCollectionViewCell.swift in Sources */,
				4C9CB6FE29976216008EE0E8 /* ViewTeamDetails.swift in Sources */,
				038A6283299184E5005A0184 /* LeaguesEventsVC.swift in Sources */,
				036E856929993F2200F1CEB0 /* TeamsClass.swift in Sources */,
				0379909F299A4AA00094DBCF /* LatestProtocol.swift in Sources */,
				4C83CFC329949A520033E349 /* FetchLeagueProtocol.swift in Sources */,
				0379909B299A03640094DBCF /* TeamssURL.swift in Sources */,
				4C9CB6F329975EBB008EE0E8 /* FetchTeamDetailsService.swift in Sources */,
				035CF2822995A2F200617095 /* LeagueEventsClass.swift in Sources */,
				4C9CB6EE29975865008EE0E8 /* TeamDetailsViewController.swift in Sources */,
				4C9CB6F529975F34008EE0E8 /* FetchTeamDetailsURL.swift in Sources */,
				4C83CFC1299499F80033E349 /* FetchLeagueURL.swift in Sources */,
			);
			runOnlyForDeploymentPostprocessing = 0;
		};
		0331FE38298B031300483B2E /* Sources */ = {
			isa = PBXSourcesBuildPhase;
			buildActionMask = 2147483647;
			files = (
				4C98B02C299C2DEE003FC948 /* MockManagerLeagues.swift in Sources */,
				0331FE41298B031300483B2E /* SportsAppTests.swift in Sources */,
				4C98B032299C3841003FC948 /* TeamsExpectation.swift in Sources */,
				4C98B02E299C31B1003FC948 /* MockLeagueTest.swift in Sources */,
				4C98B030299C35FC003FC948 /* EventsExpectation.swift in Sources */,
			);
			runOnlyForDeploymentPostprocessing = 0;
		};
		0331FE42298B031300483B2E /* Sources */ = {
			isa = PBXSourcesBuildPhase;
			buildActionMask = 2147483647;
			files = (
				0331FE4B298B031300483B2E /* SportsAppUITests.swift in Sources */,
				0331FE4D298B031300483B2E /* SportsAppUITestsLaunchTests.swift in Sources */,
			);
			runOnlyForDeploymentPostprocessing = 0;
		};
/* End PBXSourcesBuildPhase section */

/* Begin PBXTargetDependency section */
		0331FE3E298B031300483B2E /* PBXTargetDependency */ = {
			isa = PBXTargetDependency;
			target = 0331FE22298B031100483B2E /* SportsApp */;
			targetProxy = 0331FE3D298B031300483B2E /* PBXContainerItemProxy */;
		};
		0331FE48298B031300483B2E /* PBXTargetDependency */ = {
			isa = PBXTargetDependency;
			target = 0331FE22298B031100483B2E /* SportsApp */;
			targetProxy = 0331FE47298B031300483B2E /* PBXContainerItemProxy */;
		};
/* End PBXTargetDependency section */

/* Begin PBXVariantGroup section */
		0331FE2C298B031100483B2E /* Main.storyboard */ = {
			isa = PBXVariantGroup;
			children = (
				0331FE2D298B031100483B2E /* Base */,
			);
			name = Main.storyboard;
			sourceTree = "<group>";
		};
		0331FE34298B031300483B2E /* LaunchScreen.storyboard */ = {
			isa = PBXVariantGroup;
			children = (
				0331FE35298B031300483B2E /* Base */,
			);
			name = LaunchScreen.storyboard;
			sourceTree = "<group>";
		};
/* End PBXVariantGroup section */

/* Begin XCBuildConfiguration section */
		0331FE4E298B031300483B2E /* Debug */ = {
			isa = XCBuildConfiguration;
			buildSettings = {
				ALWAYS_EMBED_SWIFT_STANDARD_LIBRARIES = NO;
				ALWAYS_SEARCH_USER_PATHS = NO;
				CLANG_ANALYZER_NONNULL = YES;
				CLANG_ANALYZER_NUMBER_OBJECT_CONVERSION = YES_AGGRESSIVE;
				CLANG_CXX_LANGUAGE_STANDARD = "gnu++20";
				CLANG_ENABLE_MODULES = YES;
				CLANG_ENABLE_OBJC_ARC = YES;
				CLANG_ENABLE_OBJC_WEAK = YES;
				CLANG_WARN_BLOCK_CAPTURE_AUTORELEASING = YES;
				CLANG_WARN_BOOL_CONVERSION = YES;
				CLANG_WARN_COMMA = YES;
				CLANG_WARN_CONSTANT_CONVERSION = YES;
				CLANG_WARN_DEPRECATED_OBJC_IMPLEMENTATIONS = YES;
				CLANG_WARN_DIRECT_OBJC_ISA_USAGE = YES_ERROR;
				CLANG_WARN_DOCUMENTATION_COMMENTS = YES;
				CLANG_WARN_EMPTY_BODY = YES;
				CLANG_WARN_ENUM_CONVERSION = YES;
				CLANG_WARN_INFINITE_RECURSION = YES;
				CLANG_WARN_INT_CONVERSION = YES;
				CLANG_WARN_NON_LITERAL_NULL_CONVERSION = YES;
				CLANG_WARN_OBJC_IMPLICIT_RETAIN_SELF = YES;
				CLANG_WARN_OBJC_LITERAL_CONVERSION = YES;
				CLANG_WARN_OBJC_ROOT_CLASS = YES_ERROR;
				CLANG_WARN_QUOTED_INCLUDE_IN_FRAMEWORK_HEADER = YES;
				CLANG_WARN_RANGE_LOOP_ANALYSIS = YES;
				CLANG_WARN_STRICT_PROTOTYPES = YES;
				CLANG_WARN_SUSPICIOUS_MOVE = YES;
				CLANG_WARN_UNGUARDED_AVAILABILITY = YES_AGGRESSIVE;
				CLANG_WARN_UNREACHABLE_CODE = YES;
				CLANG_WARN__DUPLICATE_METHOD_MATCH = YES;
				COPY_PHASE_STRIP = NO;
				DEBUG_INFORMATION_FORMAT = dwarf;
				ENABLE_STRICT_OBJC_MSGSEND = YES;
				ENABLE_TESTABILITY = YES;
				GCC_C_LANGUAGE_STANDARD = gnu11;
				GCC_DYNAMIC_NO_PIC = NO;
				GCC_NO_COMMON_BLOCKS = YES;
				GCC_OPTIMIZATION_LEVEL = 0;
				GCC_PREPROCESSOR_DEFINITIONS = (
					"DEBUG=1",
					"$(inherited)",
				);
				GCC_WARN_64_TO_32_BIT_CONVERSION = YES;
				GCC_WARN_ABOUT_RETURN_TYPE = YES_ERROR;
				GCC_WARN_UNDECLARED_SELECTOR = YES;
				GCC_WARN_UNINITIALIZED_AUTOS = YES_AGGRESSIVE;
				GCC_WARN_UNUSED_FUNCTION = YES;
				GCC_WARN_UNUSED_VARIABLE = YES;
				IPHONEOS_DEPLOYMENT_TARGET = 16.2;
				MTL_ENABLE_DEBUG_INFO = INCLUDE_SOURCE;
				MTL_FAST_MATH = YES;
				ONLY_ACTIVE_ARCH = YES;
				SDKROOT = iphoneos;
				SWIFT_ACTIVE_COMPILATION_CONDITIONS = DEBUG;
				SWIFT_OPTIMIZATION_LEVEL = "-Onone";
			};
			name = Debug;
		};
		0331FE4F298B031300483B2E /* Release */ = {
			isa = XCBuildConfiguration;
			buildSettings = {
				ALWAYS_EMBED_SWIFT_STANDARD_LIBRARIES = NO;
				ALWAYS_SEARCH_USER_PATHS = NO;
				CLANG_ANALYZER_NONNULL = YES;
				CLANG_ANALYZER_NUMBER_OBJECT_CONVERSION = YES_AGGRESSIVE;
				CLANG_CXX_LANGUAGE_STANDARD = "gnu++20";
				CLANG_ENABLE_MODULES = YES;
				CLANG_ENABLE_OBJC_ARC = YES;
				CLANG_ENABLE_OBJC_WEAK = YES;
				CLANG_WARN_BLOCK_CAPTURE_AUTORELEASING = YES;
				CLANG_WARN_BOOL_CONVERSION = YES;
				CLANG_WARN_COMMA = YES;
				CLANG_WARN_CONSTANT_CONVERSION = YES;
				CLANG_WARN_DEPRECATED_OBJC_IMPLEMENTATIONS = YES;
				CLANG_WARN_DIRECT_OBJC_ISA_USAGE = YES_ERROR;
				CLANG_WARN_DOCUMENTATION_COMMENTS = YES;
				CLANG_WARN_EMPTY_BODY = YES;
				CLANG_WARN_ENUM_CONVERSION = YES;
				CLANG_WARN_INFINITE_RECURSION = YES;
				CLANG_WARN_INT_CONVERSION = YES;
				CLANG_WARN_NON_LITERAL_NULL_CONVERSION = YES;
				CLANG_WARN_OBJC_IMPLICIT_RETAIN_SELF = YES;
				CLANG_WARN_OBJC_LITERAL_CONVERSION = YES;
				CLANG_WARN_OBJC_ROOT_CLASS = YES_ERROR;
				CLANG_WARN_QUOTED_INCLUDE_IN_FRAMEWORK_HEADER = YES;
				CLANG_WARN_RANGE_LOOP_ANALYSIS = YES;
				CLANG_WARN_STRICT_PROTOTYPES = YES;
				CLANG_WARN_SUSPICIOUS_MOVE = YES;
				CLANG_WARN_UNGUARDED_AVAILABILITY = YES_AGGRESSIVE;
				CLANG_WARN_UNREACHABLE_CODE = YES;
				CLANG_WARN__DUPLICATE_METHOD_MATCH = YES;
				COPY_PHASE_STRIP = NO;
				DEBUG_INFORMATION_FORMAT = "dwarf-with-dsym";
				ENABLE_NS_ASSERTIONS = NO;
				ENABLE_STRICT_OBJC_MSGSEND = YES;
				GCC_C_LANGUAGE_STANDARD = gnu11;
				GCC_NO_COMMON_BLOCKS = YES;
				GCC_WARN_64_TO_32_BIT_CONVERSION = YES;
				GCC_WARN_ABOUT_RETURN_TYPE = YES_ERROR;
				GCC_WARN_UNDECLARED_SELECTOR = YES;
				GCC_WARN_UNINITIALIZED_AUTOS = YES_AGGRESSIVE;
				GCC_WARN_UNUSED_FUNCTION = YES;
				GCC_WARN_UNUSED_VARIABLE = YES;
				IPHONEOS_DEPLOYMENT_TARGET = 16.2;
				MTL_ENABLE_DEBUG_INFO = NO;
				MTL_FAST_MATH = YES;
				SDKROOT = iphoneos;
				SWIFT_COMPILATION_MODE = wholemodule;
				SWIFT_OPTIMIZATION_LEVEL = "-O";
				VALIDATE_PRODUCT = YES;
			};
			name = Release;
		};
		0331FE51298B031300483B2E /* Debug */ = {
			isa = XCBuildConfiguration;
			baseConfigurationReference = D471AC03EA37550EACA332DE /* Pods-SportsApp.debug.xcconfig */;
			buildSettings = {
				ASSETCATALOG_COMPILER_APPICON_NAME = AppIcon;
				ASSETCATALOG_COMPILER_GLOBAL_ACCENT_COLOR_NAME = AccentColor;
				CODE_SIGN_STYLE = Automatic;
				CURRENT_PROJECT_VERSION = 1;
				DEVELOPMENT_TEAM = TVAVQ64N2M;
				GENERATE_INFOPLIST_FILE = YES;
				INFOPLIST_FILE = SportsApp/Info.plist;
				INFOPLIST_KEY_UIApplicationSupportsIndirectInputEvents = YES;
				INFOPLIST_KEY_UILaunchStoryboardName = LaunchScreen;
				INFOPLIST_KEY_UIMainStoryboardFile = Main;
				INFOPLIST_KEY_UISupportedInterfaceOrientations_iPad = "UIInterfaceOrientationPortrait UIInterfaceOrientationPortraitUpsideDown UIInterfaceOrientationLandscapeLeft UIInterfaceOrientationLandscapeRight";
				INFOPLIST_KEY_UISupportedInterfaceOrientations_iPhone = "UIInterfaceOrientationPortrait UIInterfaceOrientationLandscapeLeft UIInterfaceOrientationLandscapeRight";
				LD_RUNPATH_SEARCH_PATHS = (
					"$(inherited)",
					"@executable_path/Frameworks",
				);
				MARKETING_VERSION = 1.0;
				PRODUCT_BUNDLE_IDENTIFIER = AyaSalman.SportsApp;
				PRODUCT_NAME = "$(TARGET_NAME)";
				SWIFT_EMIT_LOC_STRINGS = YES;
				SWIFT_VERSION = 5.0;
				TARGETED_DEVICE_FAMILY = "1,2";
			};
			name = Debug;
		};
		0331FE52298B031300483B2E /* Release */ = {
			isa = XCBuildConfiguration;
			baseConfigurationReference = AD7CEFDEADB3F2AA7C24F456 /* Pods-SportsApp.release.xcconfig */;
			buildSettings = {
				ASSETCATALOG_COMPILER_APPICON_NAME = AppIcon;
				ASSETCATALOG_COMPILER_GLOBAL_ACCENT_COLOR_NAME = AccentColor;
				CODE_SIGN_STYLE = Automatic;
				CURRENT_PROJECT_VERSION = 1;
				DEVELOPMENT_TEAM = TVAVQ64N2M;
				GENERATE_INFOPLIST_FILE = YES;
				INFOPLIST_FILE = SportsApp/Info.plist;
				INFOPLIST_KEY_UIApplicationSupportsIndirectInputEvents = YES;
				INFOPLIST_KEY_UILaunchStoryboardName = LaunchScreen;
				INFOPLIST_KEY_UIMainStoryboardFile = Main;
				INFOPLIST_KEY_UISupportedInterfaceOrientations_iPad = "UIInterfaceOrientationPortrait UIInterfaceOrientationPortraitUpsideDown UIInterfaceOrientationLandscapeLeft UIInterfaceOrientationLandscapeRight";
				INFOPLIST_KEY_UISupportedInterfaceOrientations_iPhone = "UIInterfaceOrientationPortrait UIInterfaceOrientationLandscapeLeft UIInterfaceOrientationLandscapeRight";
				LD_RUNPATH_SEARCH_PATHS = (
					"$(inherited)",
					"@executable_path/Frameworks",
				);
				MARKETING_VERSION = 1.0;
				PRODUCT_BUNDLE_IDENTIFIER = AyaSalman.SportsApp;
				PRODUCT_NAME = "$(TARGET_NAME)";
				SWIFT_EMIT_LOC_STRINGS = YES;
				SWIFT_VERSION = 5.0;
				TARGETED_DEVICE_FAMILY = "1,2";
			};
			name = Release;
		};
		0331FE54298B031300483B2E /* Debug */ = {
			isa = XCBuildConfiguration;
			baseConfigurationReference = 198BC781FBE0406D752C7202 /* Pods-SportsAppTests.debug.xcconfig */;
			buildSettings = {
				ALWAYS_EMBED_SWIFT_STANDARD_LIBRARIES = YES;
				BUNDLE_LOADER = "$(TEST_HOST)";
				CODE_SIGN_STYLE = Automatic;
				CURRENT_PROJECT_VERSION = 1;
				DEVELOPMENT_TEAM = TVAVQ64N2M;
				GENERATE_INFOPLIST_FILE = YES;
				IPHONEOS_DEPLOYMENT_TARGET = 16.2;
				MARKETING_VERSION = 1.0;
				PRODUCT_BUNDLE_IDENTIFIER = AyaSalman.SportsAppTests;
				PRODUCT_NAME = "$(TARGET_NAME)";
				SWIFT_EMIT_LOC_STRINGS = NO;
				SWIFT_VERSION = 5.0;
				TARGETED_DEVICE_FAMILY = "1,2";
				TEST_HOST = "$(BUILT_PRODUCTS_DIR)/SportsApp.app/$(BUNDLE_EXECUTABLE_FOLDER_PATH)/SportsApp";
			};
			name = Debug;
		};
		0331FE55298B031300483B2E /* Release */ = {
			isa = XCBuildConfiguration;
			baseConfigurationReference = EB7876930A20EA5B46D147EB /* Pods-SportsAppTests.release.xcconfig */;
			buildSettings = {
				ALWAYS_EMBED_SWIFT_STANDARD_LIBRARIES = YES;
				BUNDLE_LOADER = "$(TEST_HOST)";
				CODE_SIGN_STYLE = Automatic;
				CURRENT_PROJECT_VERSION = 1;
				DEVELOPMENT_TEAM = TVAVQ64N2M;
				GENERATE_INFOPLIST_FILE = YES;
				IPHONEOS_DEPLOYMENT_TARGET = 16.2;
				MARKETING_VERSION = 1.0;
				PRODUCT_BUNDLE_IDENTIFIER = AyaSalman.SportsAppTests;
				PRODUCT_NAME = "$(TARGET_NAME)";
				SWIFT_EMIT_LOC_STRINGS = NO;
				SWIFT_VERSION = 5.0;
				TARGETED_DEVICE_FAMILY = "1,2";
				TEST_HOST = "$(BUILT_PRODUCTS_DIR)/SportsApp.app/$(BUNDLE_EXECUTABLE_FOLDER_PATH)/SportsApp";
			};
			name = Release;
		};
		0331FE57298B031300483B2E /* Debug */ = {
			isa = XCBuildConfiguration;
			baseConfigurationReference = 6344A257983CF95ACEDD8F5C /* Pods-SportsApp-SportsAppUITests.debug.xcconfig */;
			buildSettings = {
				ALWAYS_EMBED_SWIFT_STANDARD_LIBRARIES = YES;
				CODE_SIGN_STYLE = Automatic;
				CURRENT_PROJECT_VERSION = 1;
				DEVELOPMENT_TEAM = TVAVQ64N2M;
				GENERATE_INFOPLIST_FILE = YES;
				MARKETING_VERSION = 1.0;
				PRODUCT_BUNDLE_IDENTIFIER = AyaSalman.SportsAppUITests;
				PRODUCT_NAME = "$(TARGET_NAME)";
				SWIFT_EMIT_LOC_STRINGS = NO;
				SWIFT_VERSION = 5.0;
				TARGETED_DEVICE_FAMILY = "1,2";
				TEST_TARGET_NAME = SportsApp;
			};
			name = Debug;
		};
		0331FE58298B031300483B2E /* Release */ = {
			isa = XCBuildConfiguration;
			baseConfigurationReference = 18C39A99499C7D90A4DE1C2A /* Pods-SportsApp-SportsAppUITests.release.xcconfig */;
			buildSettings = {
				ALWAYS_EMBED_SWIFT_STANDARD_LIBRARIES = YES;
				CODE_SIGN_STYLE = Automatic;
				CURRENT_PROJECT_VERSION = 1;
				DEVELOPMENT_TEAM = TVAVQ64N2M;
				GENERATE_INFOPLIST_FILE = YES;
				MARKETING_VERSION = 1.0;
				PRODUCT_BUNDLE_IDENTIFIER = AyaSalman.SportsAppUITests;
				PRODUCT_NAME = "$(TARGET_NAME)";
				SWIFT_EMIT_LOC_STRINGS = NO;
				SWIFT_VERSION = 5.0;
				TARGETED_DEVICE_FAMILY = "1,2";
				TEST_TARGET_NAME = SportsApp;
			};
			name = Release;
		};
/* End XCBuildConfiguration section */

/* Begin XCConfigurationList section */
		0331FE1E298B031100483B2E /* Build configuration list for PBXProject "SportsApp" */ = {
			isa = XCConfigurationList;
			buildConfigurations = (
				0331FE4E298B031300483B2E /* Debug */,
				0331FE4F298B031300483B2E /* Release */,
			);
			defaultConfigurationIsVisible = 0;
			defaultConfigurationName = Release;
		};
		0331FE50298B031300483B2E /* Build configuration list for PBXNativeTarget "SportsApp" */ = {
			isa = XCConfigurationList;
			buildConfigurations = (
				0331FE51298B031300483B2E /* Debug */,
				0331FE52298B031300483B2E /* Release */,
			);
			defaultConfigurationIsVisible = 0;
			defaultConfigurationName = Release;
		};
		0331FE53298B031300483B2E /* Build configuration list for PBXNativeTarget "SportsAppTests" */ = {
			isa = XCConfigurationList;
			buildConfigurations = (
				0331FE54298B031300483B2E /* Debug */,
				0331FE55298B031300483B2E /* Release */,
			);
			defaultConfigurationIsVisible = 0;
			defaultConfigurationName = Release;
		};
		0331FE56298B031300483B2E /* Build configuration list for PBXNativeTarget "SportsAppUITests" */ = {
			isa = XCConfigurationList;
			buildConfigurations = (
				0331FE57298B031300483B2E /* Debug */,
				0331FE58298B031300483B2E /* Release */,
			);
			defaultConfigurationIsVisible = 0;
			defaultConfigurationName = Release;
		};
/* End XCConfigurationList section */

/* Begin XCVersionGroup section */
		0331FE2F298B031100483B2E /* SportsApp.xcdatamodeld */ = {
			isa = XCVersionGroup;
			children = (
				0331FE30298B031100483B2E /* SportsApp.xcdatamodel */,
			);
			currentVersion = 0331FE30298B031100483B2E /* SportsApp.xcdatamodel */;
			path = SportsApp.xcdatamodeld;
			sourceTree = "<group>";
			versionGroupType = wrapper.xcdatamodel;
		};
/* End XCVersionGroup section */
	};
	rootObject = 0331FE1B298B031100483B2E /* Project object */;
}
